
Microsoft Visual Studio Solution File, Format Version 12.00
# Visual Studio Version 17
VisualStudioVersion = 17.0.31903.59
MinimumVisualStudioVersion = 10.0.40219.1
Project("{FAE04EC0-301F-11D3-BF4B-00C04F79EFBC}") = "CrudKaryawan2", "CrudKaryawan2.csproj", "{66782C8D-98BC-4FE6-928B-15CE69C1F851}"
EndProject
Global
	GlobalSection(SolutionConfigurationPlatforms) = preSolution
		Debug|Any CPU = Debug|Any CPU
		Release|Any CPU = Release|Any CPU
	EndGlobalSection
	GlobalSection(ProjectConfigurationPlatforms) = postSolution
		{66782C8D-98BC-4FE6-928B-15CE69C1F851}.Debug|Any CPU.ActiveCfg = Debug|Any CPU
		{66782C8D-98BC-4FE6-928B-15CE69C1F851}.Debug|Any CPU.Build.0 = Debug|Any CPU
		{66782C8D-98BC-4FE6-928B-15CE69C1F851}.Release|Any CPU.ActiveCfg = Release|Any CPU
		{66782C8D-98BC-4FE6-928B-15CE69C1F851}.Release|Any CPU.Build.0 = Release|Any CPU
	EndGlobalSection
	GlobalSection(SolutionProperties) = preSolution
		HideSolutionNode = FALSE
	EndGlobalSection
	GlobalSection(ExtensibilityGlobals) = postSolution
		SolutionGuid = {D86C9350-3493-4093-80F0-3A8A070CA744}
	EndGlobalSection
EndGlobal
